{
  "name": "db",
  "version": "1.0.0",
  "lockfileVersion": 1,
  "requires": true,
  "dependencies": {
    "@prisma/client": {
      "version": "2.24.1",
      "resolved": "https://registry.npmjs.org/@prisma/client/-/client-2.24.1.tgz",
      "integrity": "sha512-vllhf36g3oI98GF1Q5IPmnR5MYzBPeCcl/Xiz6EAi4DMOxE069o9ka5BAqYbUG2USx8JuKw09QdMnDrp3Kyn8g==",
      "requires": {
        "@prisma/engines-version": "2.24.1-2.18095475d5ee64536e2f93995e48ad800737a9e4"
      }
    },
    "@prisma/engines": {
      "version": "2.24.1-2.18095475d5ee64536e2f93995e48ad800737a9e4",
      "resolved": "https://registry.npmjs.org/@prisma/engines/-/engines-2.24.1-2.18095475d5ee64536e2f93995e48ad800737a9e4.tgz",
      "integrity": "sha512-29/xO9kqeQka+wN5Ev10l5L4XQXNVXdPToJs1M29VZ2imQsNsL4rtz26m3qGM54IoGWwwfTVdvuVRxKnDl2rig==",
      "dev": true
    },
    "@prisma/engines-version": {
      "version": "2.24.1-2.18095475d5ee64536e2f93995e48ad800737a9e4",
      "resolved": "https://registry.npmjs.org/@prisma/engines-version/-/engines-version-2.24.1-2.18095475d5ee64536e2f93995e48ad800737a9e4.tgz",
      "integrity": "sha512-60Do+ByVfHnhJ2id5h/lXOZnDQNIf5pz3enkKWOmyr744Z2IxkBu65jRckFfMN5cPtmXDre/Ay/GKm0aoeLwrw=="
    },
    "prisma": {
      "version": "2.24.1",
      "resolved": "https://registry.npmjs.org/prisma/-/prisma-2.24.1.tgz",
      "integrity": "sha512-L+ykMpttbWzpTNsy+PPynnEX/mS1s5zs49euXBrMjxXh1M6/f9MYlTNAj+iP90O9ZSaURSpNa+1jzatPghqUcQ==",
      "dev": true,
      "requires": {
        "@prisma/engines": "2.24.1-2.18095475d5ee64536e2f93995e48ad800737a9e4"
      }
    }
  }
}
